// !$*UTF8*$!
{
	archiveVersion = 1;
	classes = {
	};
	objectVersion = 50;
	objects = {

/* Begin PBXBuildFile section */
		D194200D21E47B6200A25AC9 /* AppDelegate.swift in Sources */ = {isa = PBXBuildFile; fileRef = D194200C21E47B6200A25AC9 /* AppDelegate.swift */; };
		D194200F21E47B6200A25AC9 /* ViewController.swift in Sources */ = {isa = PBXBuildFile; fileRef = D194200E21E47B6200A25AC9 /* ViewController.swift */; };
		D194201221E47B6200A25AC9 /* Main.storyboard in Resources */ = {isa = PBXBuildFile; fileRef = D194201021E47B6200A25AC9 /* Main.storyboard */; };
		D194201421E47B6600A25AC9 /* Assets.xcassets in Resources */ = {isa = PBXBuildFile; fileRef = D194201321E47B6600A25AC9 /* Assets.xcassets */; };
		D194201721E47B6600A25AC9 /* LaunchScreen.storyboard in Resources */ = {isa = PBXBuildFile; fileRef = D194201521E47B6600A25AC9 /* LaunchScreen.storyboard */; };
		D194202221E47B6700A25AC9 /* SurekhaShindeAssignmentTests.swift in Sources */ = {isa = PBXBuildFile; fileRef = D194202121E47B6700A25AC9 /* SurekhaShindeAssignmentTests.swift */; };
/* End PBXBuildFile section */

/* Begin PBXContainerItemProxy section */
		D194201E21E47B6700A25AC9 /* PBXContainerItemProxy */ = {
			isa = PBXContainerItemProxy;
			containerPortal = D194200121E47B6200A25AC9 /* Project object */;
			proxyType = 1;
			remoteGlobalIDString = D194200821E47B6200A25AC9;
			remoteInfo = SurekhaShindeAssignment;
		};
/* End PBXContainerItemProxy section */

/* Begin PBXFileReference section */
		D194200921E47B6200A25AC9 /* SurekhaShindeAssignment.app */ = {isa = PBXFileReference; explicitFileType = wrapper.application; includeInIndex = 0; path = SurekhaShindeAssignment.app; sourceTree = BUILT_PRODUCTS_DIR; };
		D194200C21E47B6200A25AC9 /* AppDelegate.swift */ = {isa = PBXFileReference; lastKnownFileType = sourcecode.swift; path = AppDelegate.swift; sourceTree = "<group>"; };
		D194200E21E47B6200A25AC9 /* ViewController.swift */ = {isa = PBXFileReference; lastKnownFileType = sourcecode.swift; path = ViewController.swift; sourceTree = "<group>"; };
		D194201121E47B6200A25AC9 /* Base */ = {isa = PBXFileReference; lastKnownFileType = file.storyboard; name = Base; path = Base.lproj/Main.storyboard; sourceTree = "<group>"; };
		D194201321E47B6600A25AC9 /* Assets.xcassets */ = {isa = PBXFileReference; lastKnownFileType = folder.assetcatalog; path = Assets.xcassets; sourceTree = "<group>"; };
		D194201621E47B6600A25AC9 /* Base */ = {isa = PBXFileReference; lastKnownFileType = file.storyboard; name = Base; path = Base.lproj/LaunchScreen.storyboard; sourceTree = "<group>"; };
		D194201821E47B6600A25AC9 /* Info.plist */ = {isa = PBXFileReference; lastKnownFileType = text.plist.xml; path = Info.plist; sourceTree = "<group>"; };
		D194201D21E47B6700A25AC9 /* SurekhaShindeAssignmentTests.xctest */ = {isa = PBXFileReference; explicitFileType = wrapper.cfbundle; includeInIndex = 0; path = SurekhaShindeAssignmentTests.xctest; sourceTree = BUILT_PRODUCTS_DIR; };
		D194202121E47B6700A25AC9 /* SurekhaShindeAssignmentTests.swift */ = {isa = PBXFileReference; lastKnownFileType = sourcecode.swift; path = SurekhaShindeAssignmentTests.swift; sourceTree = "<group>"; };
		D194202321E47B6700A25AC9 /* Info.plist */ = {isa = PBXFileReference; lastKnownFileType = text.plist.xml; path = Info.plist; sourceTree = "<group>"; };
/* End PBXFileReference section */

/* Begin PBXFrameworksBuildPhase section */
		D194200621E47B6200A25AC9 /* Frameworks */ = {
			isa = PBXFrameworksBuildPhase;
			buildActionMask = 2147483647;
			files = (
			);
			runOnlyForDeploymentPostprocessing = 0;
		};
		D194201A21E47B6600A25AC9 /* Frameworks */ = {
			isa = PBXFrameworksBuildPhase;
			buildActionMask = 2147483647;
			files = (
			);
			runOnlyForDeploymentPostprocessing = 0;
		};
/* End PBXFrameworksBuildPhase section */

/* Begin PBXGroup section */
		D194200021E47B6200A25AC9 = {
			isa = PBXGroup;
			children = (
				D194200B21E47B6200A25AC9 /* SurekhaShindeAssignment */,
				D194202021E47B6700A25AC9 /* SurekhaShindeAssignmentTests */,
				D194200A21E47B6200A25AC9 /* Products */,
			);
			sourceTree = "<group>";
		};
		D194200A21E47B6200A25AC9 /* Products */ = {
			isa = PBXGroup;
			children = (
				D194200921E47B6200A25AC9 /* SurekhaShindeAssignment.app */,
				D194201D21E47B6700A25AC9 /* SurekhaShindeAssignmentTests.xctest */,
			);
			name = Products;
			sourceTree = "<group>";
		};
		D194200B21E47B6200A25AC9 /* SurekhaShindeAssignment */ = {
			isa = PBXGroup;
			children = (
				D194200C21E47B6200A25AC9 /* AppDelegate.swift */,
				D194200E21E47B6200A25AC9 /* ViewController.swift */,
				D194201021E47B6200A25AC9 /* Main.storyboard */,
				D194201321E47B6600A25AC9 /* Assets.xcassets */,
				D194201521E47B6600A25AC9 /* LaunchScreen.storyboard */,
				D194201821E47B6600A25AC9 /* Info.plist */,
			);
			path = SurekhaShindeAssignment;
			sourceTree = "<group>";
		};
		D194202021E47B6700A25AC9 /* SurekhaShindeAssignmentTests */ = {
			isa = PBXGroup;
			children = (
				D194202121E47B6700A25AC9 /* SurekhaShindeAssignmentTests.swift */,
				D194202321E47B6700A25AC9 /* Info.plist */,
			);
			path = SurekhaShindeAssignmentTests;
			sourceTree = "<group>";
		};
/* End PBXGroup section */

/* Begin PBXNativeTarget section */
		D194200821E47B6200A25AC9 /* SurekhaShindeAssignment */ = {
			isa = PBXNativeTarget;
			buildConfigurationList = D194202621E47B6700A25AC9 /* Build configuration list for PBXNativeTarget "SurekhaShindeAssignment" */;
			buildPhases = (
				D194200521E47B6200A25AC9 /* Sources */,
				D194200621E47B6200A25AC9 /* Frameworks */,
				D194200721E47B6200A25AC9 /* Resources */,
			);
			buildRules = (
			);
			dependencies = (
			);
			name = SurekhaShindeAssignment;
			productName = SurekhaShindeAssignment;
			productReference = D194200921E47B6200A25AC9 /* SurekhaShindeAssignment.app */;
			productType = "com.apple.product-type.application";
		};
		D194201C21E47B6600A25AC9 /* SurekhaShindeAssignmentTests */ = {
			isa = PBXNativeTarget;
			buildConfigurationList = D194202921E47B6700A25AC9 /* Build configuration list for PBXNativeTarget "SurekhaShindeAssignmentTests" */;
			buildPhases = (
				D194201921E47B6600A25AC9 /* Sources */,
				D194201A21E47B6600A25AC9 /* Frameworks */,
				D194201B21E47B6600A25AC9 /* Resources */,
			);
			buildRules = (
			);
			dependencies = (
				D194201F21E47B6700A25AC9 /* PBXTargetDependency */,
			);
			name = SurekhaShindeAssignmentTests;
			productName = SurekhaShindeAssignmentTests;
			productReference = D194201D21E47B6700A25AC9 /* SurekhaShindeAssignmentTests.xctest */;
			productType = "com.apple.product-type.bundle.unit-test";
		};
/* End PBXNativeTarget section */

/* Begin PBXProject section */
		D194200121E47B6200A25AC9 /* Project object */ = {
			isa = PBXProject;
			attributes = {
				LastSwiftUpdateCheck = 1010;
				LastUpgradeCheck = 1010;
				ORGANIZATIONNAME = sride;
				TargetAttributes = {
					D194200821E47B6200A25AC9 = {
						CreatedOnToolsVersion = 10.1;
					};
					D194201C21E47B6600A25AC9 = {
						CreatedOnToolsVersion = 10.1;
						TestTargetID = D194200821E47B6200A25AC9;
					};
				};
			};
			buildConfigurationList = D194200421E47B6200A25AC9 /* Build configuration list for PBXProject "SurekhaShindeAssignment" */;
			compatibilityVersion = "Xcode 9.3";
			developmentRegion = en;
			hasScannedForEncodings = 0;
			knownRegions = (
				en,
				Base,
			);
			mainGroup = D194200021E47B6200A25AC9;
			productRefGroup = D194200A21E47B6200A25AC9 /* Products */;
			projectDirPath = "";
			projectRoot = "";
			targets = (
				D194200821E47B6200A25AC9 /* SurekhaShindeAssignment */,
				D194201C21E47B6600A25AC9 /* SurekhaShindeAssignmentTests */,
			);
		};
/* End PBXProject section */

/* Begin PBXResourcesBuildPhase section */
		D194200721E47B6200A25AC9 /* Resources */ = {
			isa = PBXResourcesBuildPhase;
			buildActionMask = 2147483647;
			files = (
				D194201721E47B6600A25AC9 /* LaunchScreen.storyboard in Resources */,
				D194201421E47B6600A25AC9 /* Assets.xcassets in Resources */,
				D194201221E47B6200A25AC9 /* Main.storyboard in Resources */,
			);
			runOnlyForDeploymentPostprocessing = 0;
		};
		D194201B21E47B6600A25AC9 /* Resources */ = {
			isa = PBXResourcesBuildPhase;
			buildActionMask = 2147483647;
			files = (
			);
			runOnlyForDeploymentPostprocessing = 0;
		};
/* End PBXResourcesBuildPhase section */

/* Begin PBXSourcesBuildPhase section */
		D194200521E47B6200A25AC9 /* Sources */ = {
			isa = PBXSourcesBuildPhase;
			buildActionMask = 2147483647;
			files = (
				D194200F21E47B6200A25AC9 /* ViewController.swift in Sources */,
				D194200D21E47B6200A25AC9 /* AppDelegate.swift in Sources */,
			);
			runOnlyForDeploymentPostprocessing = 0;
		};
		D194201921E47B6600A25AC9 /* Sources */ = {
			isa = PBXSourcesBuildPhase;
			buildActionMask = 2147483647;
			files = (
				D194202221E47B6700A25AC9 /* SurekhaShindeAssignmentTests.swift in Sources */,
			);
			runOnlyForDeploymentPostprocessing = 0;
		};
/* End PBXSourcesBuildPhase section */

/* Begin PBXTargetDependency section */
		D194201F21E47B6700A25AC9 /* PBXTargetDependency */ = {
			isa = PBXTargetDependency;
			target = D194200821E47B6200A25AC9 /* SurekhaShindeAssignment */;
			targetProxy = D194201E21E47B6700A25AC9 /* PBXContainerItemProxy */;
		};
/* End PBXTargetDependency section */

/* Begin PBXVariantGroup section */
		D194201021E47B6200A25AC9 /* Main.storyboard */ = {
			isa = PBXVariantGroup;
			children = (
				D194201121E47B6200A25AC9 /* Base */,
			);
			name = Main.storyboard;
			sourceTree = "<group>";
		};
		D194201521E47B6600A25AC9 /* LaunchScreen.storyboard */ = {
			isa = PBXVariantGroup;
			children = (
				D194201621E47B6600A25AC9 /* Base */,
			);
			name = LaunchScreen.storyboard;
			sourceTree = "<group>";
		};
/* End PBXVariantGroup section */

/* Begin XCBuildConfiguration section */
		D194202421E47B6700A25AC9 /* Debug */ = {
			isa = XCBuildConfiguration;
			buildSettings = {
				ALWAYS_SEARCH_USER_PATHS = NO;
				CLANG_ANALYZER_NONNULL = YES;
				CLANG_ANALYZER_NUMBER_OBJECT_CONVERSION = YES_AGGRESSIVE;
				CLANG_CXX_LANGUAGE_STANDARD = "gnu++14";
				CLANG_CXX_LIBRARY = "libc++";
				CLANG_ENABLE_MODULES = YES;
				CLANG_ENABLE_OBJC_ARC = YES;
				CLANG_ENABLE_OBJC_WEAK = YES;
				CLANG_WARN_BLOCK_CAPTURE_AUTORELEASING = YES;
				CLANG_WARN_BOOL_CONVERSION = YES;
				CLANG_WARN_COMMA = YES;
				CLANG_WARN_CONSTANT_CONVERSION = YES;
				CLANG_WARN_DEPRECATED_OBJC_IMPLEMENTATIONS = YES;
				CLANG_WARN_DIRECT_OBJC_ISA_USAGE = YES_ERROR;
				CLANG_WARN_DOCUMENTATION_COMMENTS = YES;
				CLANG_WARN_EMPTY_BODY = YES;
				CLANG_WARN_ENUM_CONVERSION = YES;
				CLANG_WARN_INFINITE_RECURSION = YES;
				CLANG_WARN_INT_CONVERSION = YES;
				CLANG_WARN_NON_LITERAL_NULL_CONVERSION = YES;
				CLANG_WARN_OBJC_IMPLICIT_RETAIN_SELF = YES;
				CLANG_WARN_OBJC_LITERAL_CONVERSION = YES;
				CLANG_WARN_OBJC_ROOT_CLASS = YES_ERROR;
				CLANG_WARN_RANGE_LOOP_ANALYSIS = YES;
				CLANG_WARN_STRICT_PROTOTYPES = YES;
				CLANG_WARN_SUSPICIOUS_MOVE = YES;
				CLANG_WARN_UNGUARDED_AVAILABILITY = YES_AGGRESSIVE;
				CLANG_WARN_UNREACHABLE_CODE = YES;
				CLANG_WARN__DUPLICATE_METHOD_MATCH = YES;
				CODE_SIGN_IDENTITY = "iPhone Developer";
				COPY_PHASE_STRIP = NO;
				DEBUG_INFORMATION_FORMAT = dwarf;
				ENABLE_STRICT_OBJC_MSGSEND = YES;
				ENABLE_TESTABILITY = YES;
				GCC_C_LANGUAGE_STANDARD = gnu11;
				GCC_DYNAMIC_NO_PIC = NO;
				GCC_NO_COMMON_BLOCKS = YES;
				GCC_OPTIMIZATION_LEVEL = 0;
				GCC_PREPROCESSOR_DEFINITIONS = (
					"DEBUG=1",
					"$(inherited)",
				);
				GCC_WARN_64_TO_32_BIT_CONVERSION = YES;
				GCC_WARN_ABOUT_RETURN_TYPE = YES_ERROR;
				GCC_WARN_UNDECLARED_SELECTOR = YES;
				GCC_WARN_UNINITIALIZED_AUTOS = YES_AGGRESSIVE;
				GCC_WARN_UNUSED_FUNCTION = YES;
				GCC_WARN_UNUSED_VARIABLE = YES;
				IPHONEOS_DEPLOYMENT_TARGET = 12.1;
				MTL_ENABLE_DEBUG_INFO = INCLUDE_SOURCE;
				MTL_FAST_MATH = YES;
				ONLY_ACTIVE_ARCH = YES;
				SDKROOT = iphoneos;
				SWIFT_ACTIVE_COMPILATION_CONDITIONS = DEBUG;
				SWIFT_OPTIMIZATION_LEVEL = "-Onone";
			};
			name = Debug;
		};
		D194202521E47B6700A25AC9 /* Release */ = {
			isa = XCBuildConfiguration;
			buildSettings = {
				ALWAYS_SEARCH_USER_PATHS = NO;
				CLANG_ANALYZER_NONNULL = YES;
				CLANG_ANALYZER_NUMBER_OBJECT_CONVERSION = YES_AGGRESSIVE;
				CLANG_CXX_LANGUAGE_STANDARD = "gnu++14";
				CLANG_CXX_LIBRARY = "libc++";
				CLANG_ENABLE_MODULES = YES;
				CLANG_ENABLE_OBJC_ARC = YES;
				CLANG_ENABLE_OBJC_WEAK = YES;
				CLANG_WARN_BLOCK_CAPTURE_AUTORELEASING = YES;
				CLANG_WARN_BOOL_CONVERSION = YES;
				CLANG_WARN_COMMA = YES;
				CLANG_WARN_CONSTANT_CONVERSION = YES;
				CLANG_WARN_DEPRECATED_OBJC_IMPLEMENTATIONS = YES;
				CLANG_WARN_DIRECT_OBJC_ISA_USAGE = YES_ERROR;
				CLANG_WARN_DOCUMENTATION_COMMENTS = YES;
				CLANG_WARN_EMPTY_BODY = YES;
				CLANG_WARN_ENUM_CONVERSION = YES;
				CLANG_WARN_INFINITE_RECURSION = YES;
				CLANG_WARN_INT_CONVERSION = YES;
				CLANG_WARN_NON_LITERAL_NULL_CONVERSION = YES;
				CLANG_WARN_OBJC_IMPLICIT_RETAIN_SELF = YES;
				CLANG_WARN_OBJC_LITERAL_CONVERSION = YES;
				CLANG_WARN_OBJC_ROOT_CLASS = YES_ERROR;
				CLANG_WARN_RANGE_LOOP_ANALYSIS = YES;
				CLANG_WARN_STRICT_PROTOTYPES = YES;
				CLANG_WARN_SUSPICIOUS_MOVE = YES;
				CLANG_WARN_UNGUARDED_AVAILABILITY = YES_AGGRESSIVE;
				CLANG_WARN_UNREACHABLE_CODE = YES;
				CLANG_WARN__DUPLICATE_METHOD_MATCH = YES;
				CODE_SIGN_IDENTITY = "iPhone Developer";
				COPY_PHASE_STRIP = NO;
				DEBUG_INFORMATION_FORMAT = "dwarf-with-dsym";
				ENABLE_NS_ASSERTIONS = NO;
				ENABLE_STRICT_OBJC_MSGSEND = YES;
				GCC_C_LANGUAGE_STANDARD = gnu11;
				GCC_NO_COMMON_BLOCKS = YES;
				GCC_WARN_64_TO_32_BIT_CONVERSION = YES;
				GCC_WARN_ABOUT_RETURN_TYPE = YES_ERROR;
				GCC_WARN_UNDECLARED_SELECTOR = YES;
				GCC_WARN_UNINITIALIZED_AUTOS = YES_AGGRESSIVE;
				GCC_WARN_UNUSED_FUNCTION = YES;
				GCC_WARN_UNUSED_VARIABLE = YES;
				IPHONEOS_DEPLOYMENT_TARGET = 12.1;
				MTL_ENABLE_DEBUG_INFO = NO;
				MTL_FAST_MATH = YES;
				SDKROOT = iphoneos;
				SWIFT_COMPILATION_MODE = wholemodule;
				SWIFT_OPTIMIZATION_LEVEL = "-O";
				VALIDATE_PRODUCT = YES;
			};
			name = Release;
		};
		D194202721E47B6700A25AC9 /* Debug */ = {
			isa = XCBuildConfiguration;
			buildSettings = {
				ASSETCATALOG_COMPILER_APPICON_NAME = AppIcon;
				CODE_SIGN_STYLE = Manual;
				DEVELOPMENT_TEAM = "";
				INFOPLIST_FILE = SurekhaShindeAssignment/Info.plist;
				LD_RUNPATH_SEARCH_PATHS = (
					"$(inherited)",
					"@executable_path/Frameworks",
				);
				PRODUCT_BUNDLE_IDENTIFIER = sRide.SurekhaShindeAssignment;
				PRODUCT_NAME = "$(TARGET_NAME)";
				PROVISIONING_PROFILE_SPECIFIER = "";
				SWIFT_VERSION = 4.2;
				TARGETED_DEVICE_FAMILY = "1,2";
			};
			name = Debug;
		};
		D194202821E47B6700A25AC9 /* Release */ = {
			isa = XCBuildConfiguration;
			buildSettings = {
				ASSETCATALOG_COMPILER_APPICON_NAME = AppIcon;
				CODE_SIGN_STYLE = Manual;
				DEVELOPMENT_TEAM = "";
				INFOPLIST_FILE = SurekhaShindeAssignment/Info.plist;
				LD_RUNPATH_SEARCH_PATHS = (
					"$(inherited)",
					"@executable_path/Frameworks",
				);
				PRODUCT_BUNDLE_IDENTIFIER = sRide.SurekhaShindeAssignment;
				PRODUCT_NAME = "$(TARGET_NAME)";
				PROVISIONING_PROFILE_SPECIFIER = "";
				SWIFT_VERSION = 4.2;
				TARGETED_DEVICE_FAMILY = "1,2";
			};
			name = Release;
		};
		D194202A21E47B6700A25AC9 /* Debug */ = {
			isa = XCBuildConfiguration;
			buildSettings = {
				ALWAYS_EMBED_SWIFT_STANDARD_LIBRARIES = YES;
				BUNDLE_LOADER = "$(TEST_HOST)";
				CODE_SIGN_STYLE = Automatic;
				INFOPLIST_FILE = SurekhaShindeAssignmentTests/Info.plist;
				LD_RUNPATH_SEARCH_PATHS = (
					"$(inherited)",
					"@executable_path/Frameworks",
					"@loader_path/Frameworks",
				);
				PRODUCT_BUNDLE_IDENTIFIER = sRide.SurekhaShindeAssignmentTests;
				PRODUCT_NAME = "$(TARGET_NAME)";
				SWIFT_VERSION = 4.2;
				TARGETED_DEVICE_FAMILY = "1,2";
				TEST_HOST = "$(BUILT_PRODUCTS_DIR)/SurekhaShindeAssignment.app/SurekhaShindeAssignment";
			};
			name = Debug;
		};
		D194202B21E47B6700A25AC9 /* Release */ = {
			isa = XCBuildConfiguration;
			buildSettings = {
				ALWAYS_EMBED_SWIFT_STANDARD_LIBRARIES = YES;
				BUNDLE_LOADER = "$(TEST_HOST)";
				CODE_SIGN_STYLE = Automatic;
				INFOPLIST_FILE = SurekhaShindeAssignmentTests/Info.plist;
				LD_RUNPATH_SEARCH_PATHS = (
					"$(inherited)",
					"@executable_path/Frameworks",
					"@loader_path/Frameworks",
				);
				PRODUCT_BUNDLE_IDENTIFIER = sRide.SurekhaShindeAssignmentTests;
				PRODUCT_NAME = "$(TARGET_NAME)";
				SWIFT_VERSION = 4.2;
				TARGETED_DEVICE_FAMILY = "1,2";
				TEST_HOST = "$(BUILT_PRODUCTS_DIR)/SurekhaShindeAssignment.app/SurekhaShindeAssignment";
			};
			name = Release;
		};
/* End XCBuildConfiguration section */

/* Begin XCConfigurationList section */
		D194200421E47B6200A25AC9 /* Build configuration list for PBXProject "SurekhaShindeAssignment" */ = {
			isa = XCConfigurationList;
			buildConfigurations = (
				D194202421E47B6700A25AC9 /* Debug */,
				D194202521E47B6700A25AC9 /* Release */,
			);
			defaultConfigurationIsVisible = 0;
			defaultConfigurationName = Release;
		};
		D194202621E47B6700A25AC9 /* Build configuration list for PBXNativeTarget "SurekhaShindeAssignment" */ = {
			isa = XCConfigurationList;
			buildConfigurations = (
				D194202721E47B6700A25AC9 /* Debug */,
				D194202821E47B6700A25AC9 /* Release */,
			);
			defaultConfigurationIsVisible = 0;
			defaultConfigurationName = Release;
		};
		D194202921E47B6700A25AC9 /* Build configuration list for PBXNativeTarget "SurekhaShindeAssignmentTests" */ = {
			isa = XCConfigurationList;
			buildConfigurations = (
				D194202A21E47B6700A25AC9 /* Debug */,
				D194202B21E47B6700A25AC9 /* Release */,
			);
			defaultConfigurationIsVisible = 0;
			defaultConfigurationName = Release;
		};
/* End XCConfigurationList section */
	};
	rootObject = D194200121E47B6200A25AC9 /* Project object */;
}
